github.com/bdreece/gollections v0.0.0-20220509131459-8ef8adc95109 h1:7hu0txmBtD6BsH83BqlosWlhusetgoE/Cqaj4otRrFw=
github.com/bdreece/gollections v0.0.0-20220509131459-8ef8adc95109/go.mod h1:x7PiVH0YYvxXNNEQfvp272GfYTfjVqC71JtBlV90Gvg=
github.com/bdreece/gollections/errors v0.0.0-20220502010945-d6f761c45cdb h1:+LCwgTPLBe/HyPyJMy8xSqVPrVrnXC8KbGjr1cZxNZ8=
github.com/bdreece/gollections/errors v0.0.0-20220502010945-d6f761c45cdb/go.mod h1:VkiDOkAt9c0c+WJuaOoJED/UYJ5xWBbeE+6mW4PX/9o=
github.com/bdreece/gollections/errors v0.0.0-20220511161608-4a4f4472dd26 h1:ebeLp/+9lrg7ivew3UGYvdc5yfoxQBNgnEO4cOhDRGA=
github.com/bdreece/gollections/errors v0.0.0-20220511161608-4a4f4472dd26/go.mod h1:VkiDOkAt9c0c+WJuaOoJED/UYJ5xWBbeE+6mW4PX/9o=
github.com/bdreece/gollections/iterator v0.0.0-20220505024431-9bdecf565374 h1:MBdP2WaINHregVkNVtQn4oUqvHldILN6SMCXGs0eMuM=
github.com/bdreece/gollections/iterator v0.0.0-20220505024431-9bdecf565374/go.mod h1:0efQEIfxI0YIVd+KBqL03oBhKpqJG8dmHQKOUj4GJ4o=
github.com/bdreece/gollections/iterator v0.0.0-20220511161608-4a4f4472dd26 h1:oAF9SVoMjoaoxVgMifD5Xd6Y4SlSpRo3yFKY1Ql2mrs=
github.com/bdreece/gollections/iterator v0.0.0-20220511161608-4a4f4472dd26/go.mod h1:lRLcelNEVlUyt192sSYND26pRF9/f3+J5/mICFuvLsk=
github.com/bdreece/gollections/vector v0.0.0-20220502010945-d6f761c45cdb h1:wBlcPOAHK20TDaVYgDVXF3HOXI46ttY0YuVH+sjHgDU=
github.com/bdreece/gollections/vector v0.0.0-20220502010945-d6f761c45cdb/go.mod h1:tnIGoMJDcOXcbq3j4H4l1QzVFQ+XpO4DQv8msf/jZ3k=
github.com/bdreece/gollections/vector v0.0.0-20220511161608-4a4f4472dd26 h1:j+p7Qg8uNmCkBIy4xXSvHpJ4OtdQjQTq9r31bM2a2Hg=
github.com/bdreece/gollections/vector v0.0.0-20220511161608-4a4f4472dd26/go.mod h1:b+aAsjINVee8ByCX1kjbLG1CFldG0EmHWLW/G0kwTm8=
