github.com/bdreece/gollections/errors v0.0.0-20220428193851-d01ded229891 h1:lL5tbNHkJZRq/6evT4amw4KKg+RGYtvYGvCpZc4QaVQ=
github.com/bdreece/gollections/errors v0.0.0-20220428193851-d01ded229891/go.mod h1:VkiDOkAt9c0c+WJuaOoJED/UYJ5xWBbeE+6mW4PX/9o=
github.com/bdreece/gollections/errors v0.0.0-20220505024431-9bdecf565374 h1:a9u2lyp4CGIKgEML3wPgyEm27SD9YLYjHVkMrysXk4g=
github.com/bdreece/gollections/errors v0.0.0-20220505024431-9bdecf565374/go.mod h1:VkiDOkAt9c0c+WJuaOoJED/UYJ5xWBbeE+6mW4PX/9o=
github.com/bdreece/gollections/iterator v0.0.0-20220505024431-9bdecf565374 h1:MBdP2WaINHregVkNVtQn4oUqvHldILN6SMCXGs0eMuM=
github.com/bdreece/gollections/iterator v0.0.0-20220505024431-9bdecf565374/go.mod h1:0efQEIfxI0YIVd+KBqL03oBhKpqJG8dmHQKOUj4GJ4o=
