github.com/bdreece/gollections v0.0.0-20220509031705-6b6c0a25e159 h1:wAn7tI3vsf8C0TGQQJ2RKjicbuiVZGB5H2j78AFKc3I=
github.com/bdreece/gollections v0.0.0-20220509031705-6b6c0a25e159/go.mod h1:x7PiVH0YYvxXNNEQfvp272GfYTfjVqC71JtBlV90Gvg=
github.com/bdreece/gollections v0.0.0-20220509131459-8ef8adc95109 h1:7hu0txmBtD6BsH83BqlosWlhusetgoE/Cqaj4otRrFw=
github.com/bdreece/gollections v0.0.0-20220509131459-8ef8adc95109/go.mod h1:x7PiVH0YYvxXNNEQfvp272GfYTfjVqC71JtBlV90Gvg=
github.com/bdreece/gollections/errors v0.0.0-20220509031705-6b6c0a25e159 h1:hMX6eKl18Znumws1ZdEvkX9/A7l9jfrXkjGrfnBzgxI=
github.com/bdreece/gollections/errors v0.0.0-20220509031705-6b6c0a25e159/go.mod h1:VkiDOkAt9c0c+WJuaOoJED/UYJ5xWBbeE+6mW4PX/9o=
github.com/bdreece/gollections/errors v0.0.0-20220509131459-8ef8adc95109 h1:2z52xZ2Daplm2IQtjW6aEmN5xzmdbpAqzAlKtXeT7SU=
github.com/bdreece/gollections/errors v0.0.0-20220509131459-8ef8adc95109/go.mod h1:VkiDOkAt9c0c+WJuaOoJED/UYJ5xWBbeE+6mW4PX/9o=
github.com/bdreece/gollections/iterator v0.0.0-20220509031705-6b6c0a25e159 h1:Q4XToYlAc6Lbh3uyMZYAXVt34i50qe9JLqnv2fP36Vs=
github.com/bdreece/gollections/iterator v0.0.0-20220509031705-6b6c0a25e159/go.mod h1:DzIvdJw1rtATgb79FMZUnM9CXVKuLHMPcvaG288KeWM=
github.com/bdreece/gollections/iterator v0.0.0-20220509131459-8ef8adc95109 h1:+0IdBQPc10NkHOB58lshbmcnAPJTl51TT7r8oE+IrkA=
github.com/bdreece/gollections/iterator v0.0.0-20220509131459-8ef8adc95109/go.mod h1:lRLcelNEVlUyt192sSYND26pRF9/f3+J5/mICFuvLsk=
