github.com/bdreece/gollections v0.0.0-20220508191054-41373d0639e0 h1:o8PHZPTTa8MckezeMsjRUax3vsRHiA/C1wVA+zupeqc=
github.com/bdreece/gollections v0.0.0-20220508191054-41373d0639e0/go.mod h1:x7PiVH0YYvxXNNEQfvp272GfYTfjVqC71JtBlV90Gvg=
github.com/bdreece/gollections/errors v0.0.0-20220508191054-41373d0639e0 h1:9cvNdj9iR/Zvq0kTds0QbzQIT5FJGhC2U1KcrtWJF3w=
github.com/bdreece/gollections/errors v0.0.0-20220508191054-41373d0639e0/go.mod h1:VkiDOkAt9c0c+WJuaOoJED/UYJ5xWBbeE+6mW4PX/9o=
